// !$*UTF8*$!
{
	archiveVersion = 1;
	classes = {
	};
	objectVersion = 45;
	objects = {

/* Begin PBXBuildFile section */
		1D3623260D0F684500981E51 /* RoteKarteAppDelegate.m in Sources */ = {isa = PBXBuildFile; fileRef = 1D3623250D0F684500981E51 /* RoteKarteAppDelegate.m */; };
		1D60589B0D05DD56006BFB54 /* main.m in Sources */ = {isa = PBXBuildFile; fileRef = 29B97316FDCFA39411CA2CEA /* main.m */; };
		1D60589F0D05DD5A006BFB54 /* Foundation.framework in Frameworks */ = {isa = PBXBuildFile; fileRef = 1D30AB110D05D00D00671497 /* Foundation.framework */; };
		1DF5F4E00D08C38300B7A737 /* UIKit.framework in Frameworks */ = {isa = PBXBuildFile; fileRef = 1DF5F4DF0D08C38300B7A737 /* UIKit.framework */; };
		288765A50DF7441C002DB57D /* CoreGraphics.framework in Frameworks */ = {isa = PBXBuildFile; fileRef = 288765A40DF7441C002DB57D /* CoreGraphics.framework */; };
		28D7ACF80DDB3853001CB0EB /* RoteKarteViewController.m in Sources */ = {isa = PBXBuildFile; fileRef = 28D7ACF70DDB3853001CB0EB /* RoteKarteViewController.m */; };
		6B7F655211BA944F00A57468 /* whistle.caf in Resources */ = {isa = PBXBuildFile; fileRef = 6B7F655011BA944F00A57468 /* whistle.caf */; };
		6B7F65C811BA9A4D00A57468 /* GLFont.m in Sources */ = {isa = PBXBuildFile; fileRef = 6B7F65C311BA9A4D00A57468 /* GLFont.m */; };
		6B7F65C911BA9A4D00A57468 /* GLTexture.m in Sources */ = {isa = PBXBuildFile; fileRef = 6B7F65C511BA9A4D00A57468 /* GLTexture.m */; };
		6B7F65CA11BA9A4D00A57468 /* ResourceManager.m in Sources */ = {isa = PBXBuildFile; fileRef = 6B7F65C711BA9A4D00A57468 /* ResourceManager.m */; };
		6B7F65D811BA9A8600A57468 /* OpenAL.framework in Frameworks */ = {isa = PBXBuildFile; fileRef = 6B7F65D711BA9A8600A57468 /* OpenAL.framework */; };
		6B7F65DA11BA9A8600A57468 /* OpenGLES.framework in Frameworks */ = {isa = PBXBuildFile; fileRef = 6B7F65D911BA9A8600A57468 /* OpenGLES.framework */; };
		6B7F65F211BA9AD100A57468 /* AudioToolbox.framework in Frameworks */ = {isa = PBXBuildFile; fileRef = 6B7F65F111BA9AD100A57468 /* AudioToolbox.framework */; };
		6B7F670711BA9BDE00A57468 /* SoundEngine.cpp in Sources */ = {isa = PBXBuildFile; fileRef = 6B7F670511BA9BDE00A57468 /* SoundEngine.cpp */; };
		6B7F674411BAA7C100A57468 /* fart2.caf in Resources */ = {isa = PBXBuildFile; fileRef = 6B7F674311BAA7C100A57468 /* fart2.caf */; };
		6B7F675911BAAA2900A57468 /* butt.png in Resources */ = {isa = PBXBuildFile; fileRef = 6B7F675811BAAA2900A57468 /* butt.png */; };
		6B7F679111BAB3F000A57468 /* anus.png in Resources */ = {isa = PBXBuildFile; fileRef = 6B7F679011BAB3F000A57468 /* anus.png */; };
		6B876F0A11858709001C48DF /* free.png in Resources */ = {isa = PBXBuildFile; fileRef = 6B876F0911858709001C48DF /* free.png */; };
		6B8D7C5A11143A4B009165E2 /* icon.png in Resources */ = {isa = PBXBuildFile; fileRef = 6B8D7C5911143A4B009165E2 /* icon.png */; };
		6B8D7CFA1114667B009165E2 /* AVFoundation.framework in Frameworks */ = {isa = PBXBuildFile; fileRef = 6B8D7CF91114667B009165E2 /* AVFoundation.framework */; };
		6B8D7DED1114AF72009165E2 /* corner1.png in Resources */ = {isa = PBXBuildFile; fileRef = 6B8D7DE91114AF72009165E2 /* corner1.png */; };
		6B8D7DEE1114AF72009165E2 /* corner2.png in Resources */ = {isa = PBXBuildFile; fileRef = 6B8D7DEA1114AF72009165E2 /* corner2.png */; };
		6B8D7DEF1114AF72009165E2 /* corner3.png in Resources */ = {isa = PBXBuildFile; fileRef = 6B8D7DEB1114AF72009165E2 /* corner3.png */; };
		6B8D7DF01114AF72009165E2 /* corner4.png in Resources */ = {isa = PBXBuildFile; fileRef = 6B8D7DEC1114AF72009165E2 /* corner4.png */; };
		6B8D7E101114B2F0009165E2 /* CardView.m in Sources */ = {isa = PBXBuildFile; fileRef = 6B8D7E0F1114B2F0009165E2 /* CardView.m */; };
		6B8D7EFF1115A430009165E2 /* Default.png in Resources */ = {isa = PBXBuildFile; fileRef = 6B8D7EFE1115A430009165E2 /* Default.png */; };
		6BE7A95E111C2F6500228A0E /* no_whistle.png in Resources */ = {isa = PBXBuildFile; fileRef = 6BE7A95C111C2F6500228A0E /* no_whistle.png */; };
		6BE7A95F111C2F6500228A0E /* yes_whistle.png in Resources */ = {isa = PBXBuildFile; fileRef = 6BE7A95D111C2F6500228A0E /* yes_whistle.png */; };
		6BE7A967111C2FB100228A0E /* QuartzCore.framework in Frameworks */ = {isa = PBXBuildFile; fileRef = 6BE7A966111C2FB100228A0E /* QuartzCore.framework */; };
/* End PBXBuildFile section */

/* Begin PBXFileReference section */
		1D30AB110D05D00D00671497 /* Foundation.framework */ = {isa = PBXFileReference; lastKnownFileType = wrapper.framework; name = Foundation.framework; path = System/Library/Frameworks/Foundation.framework; sourceTree = SDKROOT; };
		1D3623240D0F684500981E51 /* RoteKarteAppDelegate.h */ = {isa = PBXFileReference; fileEncoding = 4; lastKnownFileType = sourcecode.c.h; path = RoteKarteAppDelegate.h; sourceTree = "<group>"; };
		1D3623250D0F684500981E51 /* RoteKarteAppDelegate.m */ = {isa = PBXFileReference; fileEncoding = 4; lastKnownFileType = sourcecode.c.objc; path = RoteKarteAppDelegate.m; sourceTree = "<group>"; };
		1D6058910D05DD3D006BFB54 /* RoteKarte.app */ = {isa = PBXFileReference; explicitFileType = wrapper.application; includeInIndex = 0; path = RoteKarte.app; sourceTree = BUILT_PRODUCTS_DIR; };
		1DF5F4DF0D08C38300B7A737 /* UIKit.framework */ = {isa = PBXFileReference; lastKnownFileType = wrapper.framework; name = UIKit.framework; path = System/Library/Frameworks/UIKit.framework; sourceTree = SDKROOT; };
		288765A40DF7441C002DB57D /* CoreGraphics.framework */ = {isa = PBXFileReference; lastKnownFileType = wrapper.framework; name = CoreGraphics.framework; path = System/Library/Frameworks/CoreGraphics.framework; sourceTree = SDKROOT; };
		28D7ACF60DDB3853001CB0EB /* RoteKarteViewController.h */ = {isa = PBXFileReference; fileEncoding = 4; lastKnownFileType = sourcecode.c.h; path = RoteKarteViewController.h; sourceTree = "<group>"; };
		28D7ACF70DDB3853001CB0EB /* RoteKarteViewController.m */ = {isa = PBXFileReference; fileEncoding = 4; lastKnownFileType = sourcecode.c.objc; path = RoteKarteViewController.m; sourceTree = "<group>"; };
		29B97316FDCFA39411CA2CEA /* main.m */ = {isa = PBXFileReference; fileEncoding = 4; lastKnownFileType = sourcecode.c.objc; path = main.m; sourceTree = "<group>"; };
		32CA4F630368D1EE00C91783 /* RoteKarte_Prefix.pch */ = {isa = PBXFileReference; fileEncoding = 4; lastKnownFileType = sourcecode.c.h; path = RoteKarte_Prefix.pch; sourceTree = "<group>"; };
		6B7F655011BA944F00A57468 /* whistle.caf */ = {isa = PBXFileReference; lastKnownFileType = file; path = whistle.caf; sourceTree = "<group>"; };
		6B7F65C211BA9A4D00A57468 /* GLFont.h */ = {isa = PBXFileReference; fileEncoding = 4; lastKnownFileType = sourcecode.c.h; name = GLFont.h; path = Classes/GLFont.h; sourceTree = "<group>"; };
		6B7F65C311BA9A4D00A57468 /* GLFont.m */ = {isa = PBXFileReference; fileEncoding = 4; lastKnownFileType = sourcecode.c.objc; name = GLFont.m; path = Classes/GLFont.m; sourceTree = "<group>"; };
		6B7F65C411BA9A4D00A57468 /* GLTexture.h */ = {isa = PBXFileReference; fileEncoding = 4; lastKnownFileType = sourcecode.c.h; name = GLTexture.h; path = Classes/GLTexture.h; sourceTree = "<group>"; };
		6B7F65C511BA9A4D00A57468 /* GLTexture.m */ = {isa = PBXFileReference; fileEncoding = 4; lastKnownFileType = sourcecode.c.objc; name = GLTexture.m; path = Classes/GLTexture.m; sourceTree = "<group>"; };
		6B7F65C611BA9A4D00A57468 /* ResourceManager.h */ = {isa = PBXFileReference; fileEncoding = 4; lastKnownFileType = sourcecode.c.h; name = ResourceManager.h; path = Classes/ResourceManager.h; sourceTree = "<group>"; };
		6B7F65C711BA9A4D00A57468 /* ResourceManager.m */ = {isa = PBXFileReference; fileEncoding = 4; lastKnownFileType = sourcecode.c.objc; name = ResourceManager.m; path = Classes/ResourceManager.m; sourceTree = "<group>"; };
		6B7F65D711BA9A8600A57468 /* OpenAL.framework */ = {isa = PBXFileReference; lastKnownFileType = wrapper.framework; name = OpenAL.framework; path = System/Library/Frameworks/OpenAL.framework; sourceTree = SDKROOT; };
		6B7F65D911BA9A8600A57468 /* OpenGLES.framework */ = {isa = PBXFileReference; lastKnownFileType = wrapper.framework; name = OpenGLES.framework; path = System/Library/Frameworks/OpenGLES.framework; sourceTree = SDKROOT; };
		6B7F65F111BA9AD100A57468 /* AudioToolbox.framework */ = {isa = PBXFileReference; lastKnownFileType = wrapper.framework; name = AudioToolbox.framework; path = System/Library/Frameworks/AudioToolbox.framework; sourceTree = SDKROOT; };
		6B7F670511BA9BDE00A57468 /* SoundEngine.cpp */ = {isa = PBXFileReference; fileEncoding = 4; lastKnownFileType = sourcecode.cpp.cpp; name = SoundEngine.cpp; path = Classes/SoundEngine.cpp; sourceTree = "<group>"; };
		6B7F670611BA9BDE00A57468 /* SoundEngine.h */ = {isa = PBXFileReference; fileEncoding = 4; lastKnownFileType = sourcecode.c.h; name = SoundEngine.h; path = Classes/SoundEngine.h; sourceTree = "<group>"; };
		6B7F674311BAA7C100A57468 /* fart2.caf */ = {isa = PBXFileReference; lastKnownFileType = file; path = fart2.caf; sourceTree = "<group>"; };
		6B7F675811BAAA2900A57468 /* butt.png */ = {isa = PBXFileReference; lastKnownFileType = image.png; path = butt.png; sourceTree = "<group>"; };
		6B7F679011BAB3F000A57468 /* anus.png */ = {isa = PBXFileReference; lastKnownFileType = image.png; path = anus.png; sourceTree = "<group>"; };
		6B876F0911858709001C48DF /* free.png */ = {isa = PBXFileReference; lastKnownFileType = image.png; path = free.png; sourceTree = "<group>"; };
		6B8D7C5911143A4B009165E2 /* icon.png */ = {isa = PBXFileReference; lastKnownFileType = image.png; path = icon.png; sourceTree = "<group>"; };
		6B8D7CF91114667B009165E2 /* AVFoundation.framework */ = {isa = PBXFileReference; lastKnownFileType = wrapper.framework; name = AVFoundation.framework; path = System/Library/Frameworks/AVFoundation.framework; sourceTree = SDKROOT; };
		6B8D7DE91114AF72009165E2 /* corner1.png */ = {isa = PBXFileReference; lastKnownFileType = image.png; path = corner1.png; sourceTree = "<group>"; };
		6B8D7DEA1114AF72009165E2 /* corner2.png */ = {isa = PBXFileReference; lastKnownFileType = image.png; path = corner2.png; sourceTree = "<group>"; };
		6B8D7DEB1114AF72009165E2 /* corner3.png */ = {isa = PBXFileReference; lastKnownFileType = image.png; path = corner3.png; sourceTree = "<group>"; };
		6B8D7DEC1114AF72009165E2 /* corner4.png */ = {isa = PBXFileReference; lastKnownFileType = image.png; path = corner4.png; sourceTree = "<group>"; };
		6B8D7E0E1114B2F0009165E2 /* CardView.h */ = {isa = PBXFileReference; fileEncoding = 4; lastKnownFileType = sourcecode.c.h; path = CardView.h; sourceTree = "<group>"; };
		6B8D7E0F1114B2F0009165E2 /* CardView.m */ = {isa = PBXFileReference; fileEncoding = 4; lastKnownFileType = sourcecode.c.objc; path = CardView.m; sourceTree = "<group>"; };
		6B8D7EFE1115A430009165E2 /* Default.png */ = {isa = PBXFileReference; lastKnownFileType = image.png; path = Default.png; sourceTree = "<group>"; };
		6BE7A95C111C2F6500228A0E /* no_whistle.png */ = {isa = PBXFileReference; lastKnownFileType = image.png; path = no_whistle.png; sourceTree = "<group>"; };
		6BE7A95D111C2F6500228A0E /* yes_whistle.png */ = {isa = PBXFileReference; lastKnownFileType = image.png; path = yes_whistle.png; sourceTree = "<group>"; };
		6BE7A966111C2FB100228A0E /* QuartzCore.framework */ = {isa = PBXFileReference; lastKnownFileType = wrapper.framework; name = QuartzCore.framework; path = System/Library/Frameworks/QuartzCore.framework; sourceTree = SDKROOT; };
		8D1107310486CEB800E47090 /* RoteKarte-Info.plist */ = {isa = PBXFileReference; fileEncoding = 4; lastKnownFileType = text.plist.xml; path = "RoteKarte-Info.plist"; plistStructureDefinitionIdentifier = "com.apple.xcode.plist.structure-definition.iphone.info-plist"; sourceTree = "<group>"; };
/* End PBXFileReference section */

/* Begin PBXFrameworksBuildPhase section */
		1D60588F0D05DD3D006BFB54 /* Frameworks */ = {
			isa = PBXFrameworksBuildPhase;
			buildActionMask = 2147483647;
			files = (
				1D60589F0D05DD5A006BFB54 /* Foundation.framework in Frameworks */,
				1DF5F4E00D08C38300B7A737 /* UIKit.framework in Frameworks */,
				288765A50DF7441C002DB57D /* CoreGraphics.framework in Frameworks */,
				6B8D7CFA1114667B009165E2 /* AVFoundation.framework in Frameworks */,
				6BE7A967111C2FB100228A0E /* QuartzCore.framework in Frameworks */,
				6B7F65D811BA9A8600A57468 /* OpenAL.framework in Frameworks */,
				6B7F65DA11BA9A8600A57468 /* OpenGLES.framework in Frameworks */,
				6B7F65F211BA9AD100A57468 /* AudioToolbox.framework in Frameworks */,
			);
			runOnlyForDeploymentPostprocessing = 0;
		};
/* End PBXFrameworksBuildPhase section */

/* Begin PBXGroup section */
		080E96DDFE201D6D7F000001 /* Classes */ = {
			isa = PBXGroup;
			children = (
				1D3623240D0F684500981E51 /* RoteKarteAppDelegate.h */,
				6B8D7E0E1114B2F0009165E2 /* CardView.h */,
				6B8D7E0F1114B2F0009165E2 /* CardView.m */,
				1D3623250D0F684500981E51 /* RoteKarteAppDelegate.m */,
				28D7ACF60DDB3853001CB0EB /* RoteKarteViewController.h */,
				28D7ACF70DDB3853001CB0EB /* RoteKarteViewController.m */,
			);
			path = Classes;
			sourceTree = "<group>";
		};
		19C28FACFE9D520D11CA2CBB /* Products */ = {
			isa = PBXGroup;
			children = (
				1D6058910D05DD3D006BFB54 /* RoteKarte.app */,
			);
			name = Products;
			sourceTree = "<group>";
		};
		29B97314FDCFA39411CA2CEA /* CustomTemplate */ = {
			isa = PBXGroup;
			children = (
				6B7F65BD11BA99EA00A57468 /* Framework */,
				080E96DDFE201D6D7F000001 /* Classes */,
				29B97315FDCFA39411CA2CEA /* Other Sources */,
				29B97317FDCFA39411CA2CEA /* Resources */,
				29B97323FDCFA39411CA2CEA /* Frameworks */,
				19C28FACFE9D520D11CA2CBB /* Products */,
			);
			name = CustomTemplate;
			sourceTree = "<group>";
		};
		29B97315FDCFA39411CA2CEA /* Other Sources */ = {
			isa = PBXGroup;
			children = (
				32CA4F630368D1EE00C91783 /* RoteKarte_Prefix.pch */,
				29B97316FDCFA39411CA2CEA /* main.m */,
			);
			name = "Other Sources";
			sourceTree = "<group>";
		};
		29B97317FDCFA39411CA2CEA /* Resources */ = {
			isa = PBXGroup;
			children = (
				6B7F679011BAB3F000A57468 /* anus.png */,
				6B7F675811BAAA2900A57468 /* butt.png */,
				6B7F674311BAA7C100A57468 /* fart2.caf */,
				6B7F655011BA944F00A57468 /* whistle.caf */,
				6B876F0911858709001C48DF /* free.png */,
				6BE7A95C111C2F6500228A0E /* no_whistle.png */,
				6BE7A95D111C2F6500228A0E /* yes_whistle.png */,
				6B8D7EFE1115A430009165E2 /* Default.png */,
				6B8D7DE91114AF72009165E2 /* corner1.png */,
				6B8D7DEA1114AF72009165E2 /* corner2.png */,
				6B8D7DEB1114AF72009165E2 /* corner3.png */,
				6B8D7DEC1114AF72009165E2 /* corner4.png */,
				6B8D7C5911143A4B009165E2 /* icon.png */,
				8D1107310486CEB800E47090 /* RoteKarte-Info.plist */,
			);
			name = Resources;
			sourceTree = "<group>";
		};
		29B97323FDCFA39411CA2CEA /* Frameworks */ = {
			isa = PBXGroup;
			children = (
				6B7F65F111BA9AD100A57468 /* AudioToolbox.framework */,
				1DF5F4DF0D08C38300B7A737 /* UIKit.framework */,
				1D30AB110D05D00D00671497 /* Foundation.framework */,
				288765A40DF7441C002DB57D /* CoreGraphics.framework */,
				6BE7A966111C2FB100228A0E /* QuartzCore.framework */,
				6B7F65D911BA9A8600A57468 /* OpenGLES.framework */,
				6B7F65D711BA9A8600A57468 /* OpenAL.framework */,
				6B8D7CF91114667B009165E2 /* AVFoundation.framework */,
			);
			name = Frameworks;
			sourceTree = "<group>";
		};
		6B7F65BD11BA99EA00A57468 /* Framework */ = {
			isa = PBXGroup;
			children = (
				6B7F670511BA9BDE00A57468 /* SoundEngine.cpp */,
				6B7F670611BA9BDE00A57468 /* SoundEngine.h */,
				6B7F65C211BA9A4D00A57468 /* GLFont.h */,
				6B7F65C311BA9A4D00A57468 /* GLFont.m */,
				6B7F65C411BA9A4D00A57468 /* GLTexture.h */,
				6B7F65C511BA9A4D00A57468 /* GLTexture.m */,
				6B7F65C611BA9A4D00A57468 /* ResourceManager.h */,
				6B7F65C711BA9A4D00A57468 /* ResourceManager.m */,
			);
			name = Framework;
			sourceTree = "<group>";
		};
/* End PBXGroup section */

/* Begin PBXNativeTarget section */
		1D6058900D05DD3D006BFB54 /* RoteKarte */ = {
			isa = PBXNativeTarget;
			buildConfigurationList = 1D6058960D05DD3E006BFB54 /* Build configuration list for PBXNativeTarget "RoteKarte" */;
			buildPhases = (
				1D60588D0D05DD3D006BFB54 /* Resources */,
				1D60588E0D05DD3D006BFB54 /* Sources */,
				1D60588F0D05DD3D006BFB54 /* Frameworks */,
			);
			buildRules = (
			);
			dependencies = (
			);
			name = RoteKarte;
			productName = Ampelkarte;
			productReference = 1D6058910D05DD3D006BFB54 /* RoteKarte.app */;
			productType = "com.apple.product-type.application";
		};
/* End PBXNativeTarget section */

/* Begin PBXProject section */
		29B97313FDCFA39411CA2CEA /* Project object */ = {
			isa = PBXProject;
			buildConfigurationList = C01FCF4E08A954540054247B /* Build configuration list for PBXProject "RoteKarte" */;
			compatibilityVersion = "Xcode 3.1";
			developmentRegion = English;
			hasScannedForEncodings = 1;
			knownRegions = (
				English,
				Japanese,
				French,
				German,
			);
			mainGroup = 29B97314FDCFA39411CA2CEA /* CustomTemplate */;
			projectDirPath = "";
			projectRoot = "";
			targets = (
				1D6058900D05DD3D006BFB54 /* RoteKarte */,
			);
		};
/* End PBXProject section */

/* Begin PBXResourcesBuildPhase section */
		1D60588D0D05DD3D006BFB54 /* Resources */ = {
			isa = PBXResourcesBuildPhase;
			buildActionMask = 2147483647;
			files = (
				6B8D7C5A11143A4B009165E2 /* icon.png in Resources */,
				6B8D7DED1114AF72009165E2 /* corner1.png in Resources */,
				6B8D7DEE1114AF72009165E2 /* corner2.png in Resources */,
				6B8D7DEF1114AF72009165E2 /* corner3.png in Resources */,
				6B8D7DF01114AF72009165E2 /* corner4.png in Resources */,
				6B8D7EFF1115A430009165E2 /* Default.png in Resources */,
				6BE7A95E111C2F6500228A0E /* no_whistle.png in Resources */,
				6BE7A95F111C2F6500228A0E /* yes_whistle.png in Resources */,
				6B876F0A11858709001C48DF /* free.png in Resources */,
				6B7F655211BA944F00A57468 /* whistle.caf in Resources */,
				6B7F674411BAA7C100A57468 /* fart2.caf in Resources */,
				6B7F675911BAAA2900A57468 /* butt.png in Resources */,
				6B7F679111BAB3F000A57468 /* anus.png in Resources */,
			);
			runOnlyForDeploymentPostprocessing = 0;
		};
/* End PBXResourcesBuildPhase section */

/* Begin PBXSourcesBuildPhase section */
		1D60588E0D05DD3D006BFB54 /* Sources */ = {
			isa = PBXSourcesBuildPhase;
			buildActionMask = 2147483647;
			files = (
				1D60589B0D05DD56006BFB54 /* main.m in Sources */,
				1D3623260D0F684500981E51 /* RoteKarteAppDelegate.m in Sources */,
				28D7ACF80DDB3853001CB0EB /* RoteKarteViewController.m in Sources */,
				6B8D7E101114B2F0009165E2 /* CardView.m in Sources */,
				6B7F65C811BA9A4D00A57468 /* GLFont.m in Sources */,
				6B7F65C911BA9A4D00A57468 /* GLTexture.m in Sources */,
				6B7F65CA11BA9A4D00A57468 /* ResourceManager.m in Sources */,
				6B7F670711BA9BDE00A57468 /* SoundEngine.cpp in Sources */,
			);
			runOnlyForDeploymentPostprocessing = 0;
		};
/* End PBXSourcesBuildPhase section */

/* Begin XCBuildConfiguration section */
		1D6058940D05DD3E006BFB54 /* Debug */ = {
			isa = XCBuildConfiguration;
			buildSettings = {
				ALWAYS_SEARCH_USER_PATHS = NO;
				COPY_PHASE_STRIP = NO;
				GCC_DYNAMIC_NO_PIC = NO;
				GCC_OPTIMIZATION_LEVEL = 0;
				GCC_PRECOMPILE_PREFIX_HEADER = YES;
				GCC_PREFIX_HEADER = RoteKarte_Prefix.pch;
				INFOPLIST_FILE = "RoteKarte-Info.plist";
				PRODUCT_NAME = RoteKarte;
			};
			name = Debug;
		};
		1D6058950D05DD3E006BFB54 /* Release */ = {
			isa = XCBuildConfiguration;
			buildSettings = {
				ALWAYS_SEARCH_USER_PATHS = NO;
				COPY_PHASE_STRIP = YES;
				GCC_PRECOMPILE_PREFIX_HEADER = YES;
				GCC_PREFIX_HEADER = RoteKarte_Prefix.pch;
				INFOPLIST_FILE = "RoteKarte-Info.plist";
				PRODUCT_NAME = RoteKarte;
			};
			name = Release;
		};
		6B876F3F1185CCD7001C48DF /* Distribution */ = {
			isa = XCBuildConfiguration;
			buildSettings = {
				ARCHS = "$(ARCHS_STANDARD_32_BIT)";
				"CODE_SIGN_IDENTITY[sdk=iphoneos*]" = "iPhone Distribution: Jeannine Struck";
				GCC_C_LANGUAGE_STANDARD = c99;
				GCC_WARN_ABOUT_RETURN_TYPE = YES;
				GCC_WARN_UNUSED_VARIABLE = YES;
				PREBINDING = NO;
				"PROVISIONING_PROFILE[sdk=iphoneos*]" = "8DB06991-9C70-4A97-8E98-FFCD3FA40C5B";
				SDKROOT = iphoneos3.1.2;
			};
			name = Distribution;
		};
		6B876F401185CCD7001C48DF /* Distribution */ = {
			isa = XCBuildConfiguration;
			buildSettings = {
				ALWAYS_SEARCH_USER_PATHS = NO;
				COPY_PHASE_STRIP = YES;
				GCC_PRECOMPILE_PREFIX_HEADER = YES;
				GCC_PREFIX_HEADER = RoteKarte_Prefix.pch;
				INFOPLIST_FILE = "RoteKarte-Info.plist";
				PRODUCT_NAME = RoteKarte;
			};
			name = Distribution;
		};
		C01FCF4F08A954540054247B /* Debug */ = {
			isa = XCBuildConfiguration;
			buildSettings = {
				ARCHS = "$(ARCHS_STANDARD_32_BIT)";
				"CODE_SIGN_IDENTITY[sdk=iphoneos*]" = "iPhone Developer";
				GCC_C_LANGUAGE_STANDARD = c99;
				GCC_PREPROCESSOR_DEFINITIONS = DEBUG;
				GCC_WARN_ABOUT_RETURN_TYPE = YES;
				GCC_WARN_UNUSED_VARIABLE = YES;
				OTHER_LDFLAGS = "";
				PREBINDING = NO;
				SDKROOT = iphoneos4.0;
			};
			name = Debug;
		};
		C01FCF5008A954540054247B /* Release */ = {
			isa = XCBuildConfiguration;
			buildSettings = {
				ARCHS = "$(ARCHS_STANDARD_32_BIT)";
				"CODE_SIGN_IDENTITY[sdk=iphoneos*]" = "iPhone Developer";
				GCC_C_LANGUAGE_STANDARD = c99;
				GCC_WARN_ABOUT_RETURN_TYPE = YES;
				GCC_WARN_UNUSED_VARIABLE = YES;
				PREBINDING = NO;
				SDKROOT = iphoneos3.1.2;
			};
			name = Release;
		};
/* End XCBuildConfiguration section */

/* Begin XCConfigurationList section */
		1D6058960D05DD3E006BFB54 /* Build configuration list for PBXNativeTarget "RoteKarte" */ = {
			isa = XCConfigurationList;
			buildConfigurations = (
				1D6058940D05DD3E006BFB54 /* Debug */,
				1D6058950D05DD3E006BFB54 /* Release */,
				6B876F401185CCD7001C48DF /* Distribution */,
			);
			defaultConfigurationIsVisible = 0;
			defaultConfigurationName = Release;
		};
		C01FCF4E08A954540054247B /* Build configuration list for PBXProject "RoteKarte" */ = {
			isa = XCConfigurationList;
			buildConfigurations = (
				C01FCF4F08A954540054247B /* Debug */,
				C01FCF5008A954540054247B /* Release */,
				6B876F3F1185CCD7001C48DF /* Distribution */,
			);
			defaultConfigurationIsVisible = 0;
			defaultConfigurationName = Release;
		};
/* End XCConfigurationList section */
	};
	rootObject = 29B97313FDCFA39411CA2CEA /* Project object */;
}
